
Microsoft Visual Studio Solution File, Format Version 12.00
# Visual Studio Version 17
VisualStudioVersion = 17.11.35327.3
MinimumVisualStudioVersion = 10.0.40219.1
Project("{FAE04EC0-301F-11D3-BF4B-00C04F79EFBC}") = "Ping Pong", "Ping Pong\Ping Pong.csproj", "{18C27E60-CB70-4850-988E-29D09400E6FF}"
EndProject
Global
	GlobalSection(SolutionConfigurationPlatforms) = preSolution
		Debug|Any CPU = Debug|Any CPU
		Release|Any CPU = Release|Any CPU
	EndGlobalSection
	GlobalSection(ProjectConfigurationPlatforms) = postSolution
		{18C27E60-CB70-4850-988E-29D09400E6FF}.Debug|Any CPU.ActiveCfg = Debug|Any CPU
		{18C27E60-CB70-4850-988E-29D09400E6FF}.Debug|Any CPU.Build.0 = Debug|Any CPU
		{18C27E60-CB70-4850-988E-29D09400E6FF}.Release|Any CPU.ActiveCfg = Release|Any CPU
		{18C27E60-CB70-4850-988E-29D09400E6FF}.Release|Any CPU.Build.0 = Release|Any CPU
	EndGlobalSection
	GlobalSection(SolutionProperties) = preSolution
		HideSolutionNode = FALSE
	EndGlobalSection
	GlobalSection(ExtensibilityGlobals) = postSolution
		SolutionGuid = {257ABF96-94DC-493A-97F9-4A37E6AE89D7}
	EndGlobalSection
EndGlobal
